
Microsoft Visual Studio Solution File, Format Version 12.00
# Visual Studio Version 17
VisualStudioVersion = 17.4.33205.214
MinimumVisualStudioVersion = 10.0.40219.1
Project("{9A19103F-16F7-4668-BE54-9A1E7A4F7556}") = "NeosAssetImportHook", "NeosAssetImportHook\NeosAssetImportHook.csproj", "{2E5FFD57-717C-4310-8850-A09F3E58CE68}"
EndProject
Project("{9A19103F-16F7-4668-BE54-9A1E7A4F7556}") = "Test", "Test\Test.csproj", "{3544020C-B943-453C-9689-738E7142D2AA}"
	ProjectSection(ProjectDependencies) = postProject
		{2E5FFD57-717C-4310-8850-A09F3E58CE68} = {2E5FFD57-717C-4310-8850-A09F3E58CE68}
	EndProjectSection
EndProject
Global
	GlobalSection(SolutionConfigurationPlatforms) = preSolution
		Debug|Any CPU = Debug|Any CPU
		Release|Any CPU = Release|Any CPU
	EndGlobalSection
	GlobalSection(ProjectConfigurationPlatforms) = postSolution
		{2E5FFD57-717C-4310-8850-A09F3E58CE68}.Debug|Any CPU.ActiveCfg = Debug|Any CPU
		{2E5FFD57-717C-4310-8850-A09F3E58CE68}.Debug|Any CPU.Build.0 = Debug|Any CPU
		{2E5FFD57-717C-4310-8850-A09F3E58CE68}.Release|Any CPU.ActiveCfg = Release|Any CPU
		{2E5FFD57-717C-4310-8850-A09F3E58CE68}.Release|Any CPU.Build.0 = Release|Any CPU
		{3544020C-B943-453C-9689-738E7142D2AA}.Debug|Any CPU.ActiveCfg = Debug|Any CPU
		{3544020C-B943-453C-9689-738E7142D2AA}.Debug|Any CPU.Build.0 = Debug|Any CPU
		{3544020C-B943-453C-9689-738E7142D2AA}.Release|Any CPU.ActiveCfg = Release|Any CPU
		{3544020C-B943-453C-9689-738E7142D2AA}.Release|Any CPU.Build.0 = Release|Any CPU
	EndGlobalSection
	GlobalSection(SolutionProperties) = preSolution
		HideSolutionNode = FALSE
	EndGlobalSection
	GlobalSection(ExtensibilityGlobals) = postSolution
		SolutionGuid = {2e5ffd57-717c-4310-8850-a09f3e58ce68}
	EndGlobalSection
EndGlobal
